// !$*UTF8*$!
{
	archiveVersion = 1;
	classes = {
	};
	objectVersion = 46;
	objects = {

/* Begin PBXBuildFile section */
		6E309FF918DBF4160087EFBA /* controlBase.m in Sources */ = {isa = PBXBuildFile; fileRef = 6E309FDF18DBF4160087EFBA /* controlBase.m */; };
		6E309FFB18DBF4160087EFBA /* controlList.m in Sources */ = {isa = PBXBuildFile; fileRef = 6E309FE318DBF4160087EFBA /* controlList.m */; };
		6E309FFC18DBF4160087EFBA /* controlSlider.m in Sources */ = {isa = PBXBuildFile; fileRef = 6E309FE518DBF4160087EFBA /* controlSlider.m */; };
		6E309FFE18DBF4160087EFBA /* controlText.m in Sources */ = {isa = PBXBuildFile; fileRef = 6E309FE918DBF4160087EFBA /* controlText.m */; };
		6E309FFF18DBF4160087EFBA /* controlTrigger.m in Sources */ = {isa = PBXBuildFile; fileRef = 6E309FEB18DBF4160087EFBA /* controlTrigger.m */; };
		6E30A00018DBF4160087EFBA /* moduleBase.m in Sources */ = {isa = PBXBuildFile; fileRef = 6E309FEE18DBF4160087EFBA /* moduleBase.m */; };
		6E30A00118DBF4160087EFBA /* modulePad.m in Sources */ = {isa = PBXBuildFile; fileRef = 6E309FF018DBF4160087EFBA /* modulePad.m */; };
		6E30A00218DBF4160087EFBA /* moduleRack.m in Sources */ = {isa = PBXBuildFile; fileRef = 6E309FF218DBF4160087EFBA /* moduleRack.m */; };
		6E30A00318DBF4160087EFBA /* moduleSlider.m in Sources */ = {isa = PBXBuildFile; fileRef = 6E309FF418DBF4160087EFBA /* moduleSlider.m */; };
		6E30A00418DBF4160087EFBA /* uiApp.m in Sources */ = {isa = PBXBuildFile; fileRef = 6E309FF618DBF4160087EFBA /* uiApp.m */; };
		6E30A00518DBF4160087EFBA /* viewApp.m in Sources */ = {isa = PBXBuildFile; fileRef = 6E309FF818DBF4160087EFBA /* viewApp.m */; };
		6E5A63E7184417F700C1CD8E /* Cocoa.framework in Frameworks */ = {isa = PBXBuildFile; fileRef = 6E5A63E6184417F600C1CD8E /* Cocoa.framework */; settings = {ATTRIBUTES = (Required, ); }; };
		6E5A6406184417F700C1CD8E /* XCTest.framework in Frameworks */ = {isa = PBXBuildFile; fileRef = 6E5A6405184417F700C1CD8E /* XCTest.framework */; };
		6E5A6407184417F700C1CD8E /* Cocoa.framework in Frameworks */ = {isa = PBXBuildFile; fileRef = 6E5A63E6184417F600C1CD8E /* Cocoa.framework */; };
		6EABAB0518DFAE020071DE40 /* uiLabel.m in Sources */ = {isa = PBXBuildFile; fileRef = 6EABAB0418DFAE020071DE40 /* uiLabel.m */; };
		6EC3ADC318B7118800B002EC /* dataApp.m in Sources */ = {isa = PBXBuildFile; fileRef = 6EC3ADBD18B7118800B002EC /* dataApp.m */; };
		6EC3ADC418B7118800B002EC /* midiController.m in Sources */ = {isa = PBXBuildFile; fileRef = 6EC3ADBF18B7118800B002EC /* midiController.m */; };
		6EC3ADC518B7118800B002EC /* utilities.m in Sources */ = {isa = PBXBuildFile; fileRef = 6EC3ADC218B7118800B002EC /* utilities.m */; };
		6EF69C6B189F27AF00A88726 /* AppDelegate.m in Sources */ = {isa = PBXBuildFile; fileRef = 6EF69C46189F27AF00A88726 /* AppDelegate.m */; };
		6EF69C6C189F27AF00A88726 /* MainMenu.xib in Resources */ = {isa = PBXBuildFile; fileRef = 6EF69C47189F27AF00A88726 /* MainMenu.xib */; };
		6EF69C6D189F27AF00A88726 /* eventHandler.m in Sources */ = {isa = PBXBuildFile; fileRef = 6EF69C4B189F27AF00A88726 /* eventHandler.m */; };
		6EF69C6E189F27AF00A88726 /* Credits.rtf in Resources */ = {isa = PBXBuildFile; fileRef = 6EF69C4C189F27AF00A88726 /* Credits.rtf */; };
		6EF69C6F189F27AF00A88726 /* InfoPlist.strings in Resources */ = {isa = PBXBuildFile; fileRef = 6EF69C4E189F27AF00A88726 /* InfoPlist.strings */; };
		6EF69C70189F27AF00A88726 /* Images.xcassets in Resources */ = {isa = PBXBuildFile; fileRef = 6EF69C50189F27AF00A88726 /* Images.xcassets */; };
		6EF69C71189F27AF00A88726 /* main.m in Sources */ = {isa = PBXBuildFile; fileRef = 6EF69C51189F27AF00A88726 /* main.m */; };
		6EF69C74189F27AF00A88726 /* skin.json in Resources */ = {isa = PBXBuildFile; fileRef = 6EF69C58189F27AF00A88726 /* skin.json */; };
		6EF69C75189F27AF00A88726 /* state.json in Resources */ = {isa = PBXBuildFile; fileRef = 6EF69C59189F27AF00A88726 /* state.json */; };
		6EF69C7E189F2B1B00A88726 /* CoreMIDI.framework in Frameworks */ = {isa = PBXBuildFile; fileRef = 6EF69C7D189F2B1B00A88726 /* CoreMIDI.framework */; };
/* End PBXBuildFile section */

/* Begin PBXContainerItemProxy section */
		6E5A6408184417F700C1CD8E /* PBXContainerItemProxy */ = {
			isa = PBXContainerItemProxy;
			containerPortal = 6E5A63DB184417F600C1CD8E /* Project object */;
			proxyType = 1;
			remoteGlobalIDString = 6E5A63E2184417F600C1CD8E;
			remoteInfo = GeckoMIDI;
		};
/* End PBXContainerItemProxy section */

/* Begin PBXFileReference section */
		6E309FDE18DBF4160087EFBA /* controlBase.h */ = {isa = PBXFileReference; fileEncoding = 4; lastKnownFileType = sourcecode.c.h; path = controlBase.h; sourceTree = "<group>"; };
		6E309FDF18DBF4160087EFBA /* controlBase.m */ = {isa = PBXFileReference; fileEncoding = 4; lastKnownFileType = sourcecode.c.objc; path = controlBase.m; sourceTree = "<group>"; };
		6E309FE218DBF4160087EFBA /* controlList.h */ = {isa = PBXFileReference; fileEncoding = 4; lastKnownFileType = sourcecode.c.h; path = controlList.h; sourceTree = "<group>"; };
		6E309FE318DBF4160087EFBA /* controlList.m */ = {isa = PBXFileReference; fileEncoding = 4; lastKnownFileType = sourcecode.c.objc; path = controlList.m; sourceTree = "<group>"; };
		6E309FE418DBF4160087EFBA /* controlSlider.h */ = {isa = PBXFileReference; fileEncoding = 4; lastKnownFileType = sourcecode.c.h; path = controlSlider.h; sourceTree = "<group>"; };
		6E309FE518DBF4160087EFBA /* controlSlider.m */ = {isa = PBXFileReference; fileEncoding = 4; lastKnownFileType = sourcecode.c.objc; path = controlSlider.m; sourceTree = "<group>"; };
		6E309FE818DBF4160087EFBA /* controlText.h */ = {isa = PBXFileReference; fileEncoding = 4; lastKnownFileType = sourcecode.c.h; path = controlText.h; sourceTree = "<group>"; };
		6E309FE918DBF4160087EFBA /* controlText.m */ = {isa = PBXFileReference; fileEncoding = 4; lastKnownFileType = sourcecode.c.objc; path = controlText.m; sourceTree = "<group>"; };
		6E309FEA18DBF4160087EFBA /* controlTrigger.h */ = {isa = PBXFileReference; fileEncoding = 4; lastKnownFileType = sourcecode.c.h; path = controlTrigger.h; sourceTree = "<group>"; };
		6E309FEB18DBF4160087EFBA /* controlTrigger.m */ = {isa = PBXFileReference; fileEncoding = 4; lastKnownFileType = sourcecode.c.objc; path = controlTrigger.m; sourceTree = "<group>"; };
		6E309FED18DBF4160087EFBA /* moduleBase.h */ = {isa = PBXFileReference; fileEncoding = 4; lastKnownFileType = sourcecode.c.h; path = moduleBase.h; sourceTree = "<group>"; };
		6E309FEE18DBF4160087EFBA /* moduleBase.m */ = {isa = PBXFileReference; fileEncoding = 4; lastKnownFileType = sourcecode.c.objc; path = moduleBase.m; sourceTree = "<group>"; };
		6E309FEF18DBF4160087EFBA /* modulePad.h */ = {isa = PBXFileReference; fileEncoding = 4; lastKnownFileType = sourcecode.c.h; path = modulePad.h; sourceTree = "<group>"; };
		6E309FF018DBF4160087EFBA /* modulePad.m */ = {isa = PBXFileReference; fileEncoding = 4; lastKnownFileType = sourcecode.c.objc; path = modulePad.m; sourceTree = "<group>"; };
		6E309FF118DBF4160087EFBA /* moduleRack.h */ = {isa = PBXFileReference; fileEncoding = 4; lastKnownFileType = sourcecode.c.h; path = moduleRack.h; sourceTree = "<group>"; };
		6E309FF218DBF4160087EFBA /* moduleRack.m */ = {isa = PBXFileReference; fileEncoding = 4; lastKnownFileType = sourcecode.c.objc; path = moduleRack.m; sourceTree = "<group>"; };
		6E309FF318DBF4160087EFBA /* moduleSlider.h */ = {isa = PBXFileReference; fileEncoding = 4; lastKnownFileType = sourcecode.c.h; path = moduleSlider.h; sourceTree = "<group>"; };
		6E309FF418DBF4160087EFBA /* moduleSlider.m */ = {isa = PBXFileReference; fileEncoding = 4; lastKnownFileType = sourcecode.c.objc; path = moduleSlider.m; sourceTree = "<group>"; };
		6E309FF518DBF4160087EFBA /* uiApp.h */ = {isa = PBXFileReference; fileEncoding = 4; lastKnownFileType = sourcecode.c.h; path = uiApp.h; sourceTree = "<group>"; };
		6E309FF618DBF4160087EFBA /* uiApp.m */ = {isa = PBXFileReference; fileEncoding = 4; lastKnownFileType = sourcecode.c.objc; path = uiApp.m; sourceTree = "<group>"; };
		6E309FF718DBF4160087EFBA /* viewApp.h */ = {isa = PBXFileReference; fileEncoding = 4; lastKnownFileType = sourcecode.c.h; path = viewApp.h; sourceTree = "<group>"; };
		6E309FF818DBF4160087EFBA /* viewApp.m */ = {isa = PBXFileReference; fileEncoding = 4; lastKnownFileType = sourcecode.c.objc; path = viewApp.m; sourceTree = "<group>"; };
		6E5A63E3184417F600C1CD8E /* operatorMIDI.app */ = {isa = PBXFileReference; explicitFileType = wrapper.application; includeInIndex = 0; path = operatorMIDI.app; sourceTree = BUILT_PRODUCTS_DIR; };
		6E5A63E6184417F600C1CD8E /* Cocoa.framework */ = {isa = PBXFileReference; lastKnownFileType = wrapper.framework; name = Cocoa.framework; path = System/Library/Frameworks/Cocoa.framework; sourceTree = SDKROOT; };
		6E5A63E9184417F700C1CD8E /* AppKit.framework */ = {isa = PBXFileReference; lastKnownFileType = wrapper.framework; name = AppKit.framework; path = System/Library/Frameworks/AppKit.framework; sourceTree = SDKROOT; };
		6E5A63EA184417F700C1CD8E /* CoreData.framework */ = {isa = PBXFileReference; lastKnownFileType = wrapper.framework; name = CoreData.framework; path = System/Library/Frameworks/CoreData.framework; sourceTree = SDKROOT; };
		6E5A63EB184417F700C1CD8E /* Foundation.framework */ = {isa = PBXFileReference; lastKnownFileType = wrapper.framework; name = Foundation.framework; path = System/Library/Frameworks/Foundation.framework; sourceTree = SDKROOT; };
		6E5A6404184417F700C1CD8E /* operatorMIDITests.xctest */ = {isa = PBXFileReference; explicitFileType = wrapper.cfbundle; includeInIndex = 0; path = operatorMIDITests.xctest; sourceTree = BUILT_PRODUCTS_DIR; };
		6E5A6405184417F700C1CD8E /* XCTest.framework */ = {isa = PBXFileReference; lastKnownFileType = wrapper.framework; name = XCTest.framework; path = Library/Frameworks/XCTest.framework; sourceTree = DEVELOPER_DIR; };
		6E8D3A9718A06525007D00CA /* constants.h */ = {isa = PBXFileReference; fileEncoding = 4; lastKnownFileType = sourcecode.c.h; path = constants.h; sourceTree = "<group>"; };
		6EABAB0318DFAE020071DE40 /* uiLabel.h */ = {isa = PBXFileReference; fileEncoding = 4; lastKnownFileType = sourcecode.c.h; path = uiLabel.h; sourceTree = "<group>"; };
		6EABAB0418DFAE020071DE40 /* uiLabel.m */ = {isa = PBXFileReference; fileEncoding = 4; lastKnownFileType = sourcecode.c.objc; path = uiLabel.m; sourceTree = "<group>"; };
		6EC3ADBC18B7118800B002EC /* dataApp.h */ = {isa = PBXFileReference; fileEncoding = 4; lastKnownFileType = sourcecode.c.h; path = dataApp.h; sourceTree = "<group>"; };
		6EC3ADBD18B7118800B002EC /* dataApp.m */ = {isa = PBXFileReference; fileEncoding = 4; lastKnownFileType = sourcecode.c.objc; path = dataApp.m; sourceTree = "<group>"; };
		6EC3ADBE18B7118800B002EC /* midiController.h */ = {isa = PBXFileReference; fileEncoding = 4; lastKnownFileType = sourcecode.c.h; path = midiController.h; sourceTree = "<group>"; };
		6EC3ADBF18B7118800B002EC /* midiController.m */ = {isa = PBXFileReference; fileEncoding = 4; lastKnownFileType = sourcecode.c.objc; path = midiController.m; sourceTree = "<group>"; };
		6EC3ADC118B7118800B002EC /* utilities.h */ = {isa = PBXFileReference; fileEncoding = 4; lastKnownFileType = sourcecode.c.h; path = utilities.h; sourceTree = "<group>"; };
		6EC3ADC218B7118800B002EC /* utilities.m */ = {isa = PBXFileReference; fileEncoding = 4; lastKnownFileType = sourcecode.c.objc; path = utilities.m; sourceTree = "<group>"; };
		6EF69C45189F27AF00A88726 /* AppDelegate.h */ = {isa = PBXFileReference; fileEncoding = 4; lastKnownFileType = sourcecode.c.h; path = AppDelegate.h; sourceTree = "<group>"; };
		6EF69C46189F27AF00A88726 /* AppDelegate.m */ = {isa = PBXFileReference; fileEncoding = 4; lastKnownFileType = sourcecode.c.objc; path = AppDelegate.m; sourceTree = "<group>"; };
		6EF69C48189F27AF00A88726 /* Base */ = {isa = PBXFileReference; lastKnownFileType = file.xib; name = Base; path = Base.lproj/MainMenu.xib; sourceTree = "<group>"; };
		6EF69C4A189F27AF00A88726 /* eventHandler.h */ = {isa = PBXFileReference; fileEncoding = 4; lastKnownFileType = sourcecode.c.h; path = eventHandler.h; sourceTree = "<group>"; };
		6EF69C4B189F27AF00A88726 /* eventHandler.m */ = {isa = PBXFileReference; fileEncoding = 4; lastKnownFileType = sourcecode.c.objc; path = eventHandler.m; sourceTree = "<group>"; };
		6EF69C4D189F27AF00A88726 /* en */ = {isa = PBXFileReference; lastKnownFileType = text.rtf; name = en; path = en.lproj/Credits.rtf; sourceTree = "<group>"; };
		6EF69C4F189F27AF00A88726 /* en */ = {isa = PBXFileReference; lastKnownFileType = text.plist.strings; name = en; path = en.lproj/InfoPlist.strings; sourceTree = "<group>"; };
		6EF69C50189F27AF00A88726 /* Images.xcassets */ = {isa = PBXFileReference; lastKnownFileType = folder.assetcatalog; path = Images.xcassets; sourceTree = "<group>"; };
		6EF69C51189F27AF00A88726 /* main.m */ = {isa = PBXFileReference; fileEncoding = 4; lastKnownFileType = sourcecode.c.objc; path = main.m; sourceTree = "<group>"; };
		6EF69C55189F27AF00A88726 /* operatorMIDI-Info.plist */ = {isa = PBXFileReference; fileEncoding = 4; lastKnownFileType = text.plist.xml; path = "operatorMIDI-Info.plist"; sourceTree = "<group>"; };
		6EF69C56189F27AF00A88726 /* operatorMIDI-Prefix.pch */ = {isa = PBXFileReference; fileEncoding = 4; lastKnownFileType = sourcecode.c.h; path = "operatorMIDI-Prefix.pch"; sourceTree = "<group>"; };
		6EF69C58189F27AF00A88726 /* skin.json */ = {isa = PBXFileReference; fileEncoding = 4; lastKnownFileType = text.json; path = skin.json; sourceTree = "<group>"; };
		6EF69C59189F27AF00A88726 /* state.json */ = {isa = PBXFileReference; fileEncoding = 4; lastKnownFileType = text.json; path = state.json; sourceTree = "<group>"; };
		6EF69C7D189F2B1B00A88726 /* CoreMIDI.framework */ = {isa = PBXFileReference; lastKnownFileType = wrapper.framework; name = CoreMIDI.framework; path = System/Library/Frameworks/CoreMIDI.framework; sourceTree = SDKROOT; };
/* End PBXFileReference section */

/* Begin PBXFrameworksBuildPhase section */
		6E5A63E0184417F600C1CD8E /* Frameworks */ = {
			isa = PBXFrameworksBuildPhase;
			buildActionMask = 2147483647;
			files = (
				6EF69C7E189F2B1B00A88726 /* CoreMIDI.framework in Frameworks */,
				6E5A63E7184417F700C1CD8E /* Cocoa.framework in Frameworks */,
			);
			runOnlyForDeploymentPostprocessing = 0;
		};
		6E5A6401184417F700C1CD8E /* Frameworks */ = {
			isa = PBXFrameworksBuildPhase;
			buildActionMask = 2147483647;
			files = (
				6E5A6407184417F700C1CD8E /* Cocoa.framework in Frameworks */,
				6E5A6406184417F700C1CD8E /* XCTest.framework in Frameworks */,
			);
			runOnlyForDeploymentPostprocessing = 0;
		};
/* End PBXFrameworksBuildPhase section */

/* Begin PBXGroup section */
		6E309FDB18DBF4160087EFBA /* views */ = {
			isa = PBXGroup;
			children = (
				6E309FDC18DBF4160087EFBA /* ui */,
				6E309FF718DBF4160087EFBA /* viewApp.h */,
				6E309FF818DBF4160087EFBA /* viewApp.m */,
			);
			name = views;
			path = operatorMIDI/views;
			sourceTree = SOURCE_ROOT;
		};
		6E309FDC18DBF4160087EFBA /* ui */ = {
			isa = PBXGroup;
			children = (
				6E309FDD18DBF4160087EFBA /* controls */,
				6E309FEC18DBF4160087EFBA /* modules */,
				6E309FF518DBF4160087EFBA /* uiApp.h */,
				6E309FF618DBF4160087EFBA /* uiApp.m */,
				6EABAB0318DFAE020071DE40 /* uiLabel.h */,
				6EABAB0418DFAE020071DE40 /* uiLabel.m */,
			);
			path = ui;
			sourceTree = "<group>";
		};
		6E309FDD18DBF4160087EFBA /* controls */ = {
			isa = PBXGroup;
			children = (
				6E309FDE18DBF4160087EFBA /* controlBase.h */,
				6E309FDF18DBF4160087EFBA /* controlBase.m */,
				6E309FE218DBF4160087EFBA /* controlList.h */,
				6E309FE318DBF4160087EFBA /* controlList.m */,
				6E309FE418DBF4160087EFBA /* controlSlider.h */,
				6E309FE518DBF4160087EFBA /* controlSlider.m */,
				6E309FE818DBF4160087EFBA /* controlText.h */,
				6E309FE918DBF4160087EFBA /* controlText.m */,
				6E309FEA18DBF4160087EFBA /* controlTrigger.h */,
				6E309FEB18DBF4160087EFBA /* controlTrigger.m */,
			);
			path = controls;
			sourceTree = "<group>";
		};
		6E309FEC18DBF4160087EFBA /* modules */ = {
			isa = PBXGroup;
			children = (
				6E309FED18DBF4160087EFBA /* moduleBase.h */,
				6E309FEE18DBF4160087EFBA /* moduleBase.m */,
				6E309FEF18DBF4160087EFBA /* modulePad.h */,
				6E309FF018DBF4160087EFBA /* modulePad.m */,
				6E309FF118DBF4160087EFBA /* moduleRack.h */,
				6E309FF218DBF4160087EFBA /* moduleRack.m */,
				6E309FF318DBF4160087EFBA /* moduleSlider.h */,
				6E309FF418DBF4160087EFBA /* moduleSlider.m */,
			);
			path = modules;
			sourceTree = "<group>";
		};
		6E5A63DA184417F600C1CD8E = {
			isa = PBXGroup;
			children = (
				6EF69C44189F27AF00A88726 /* operatorMIDI */,
				6E5A63E5184417F600C1CD8E /* Frameworks */,
				6E5A63E4184417F600C1CD8E /* Products */,
			);
			sourceTree = "<group>";
		};
		6E5A63E4184417F600C1CD8E /* Products */ = {
			isa = PBXGroup;
			children = (
				6E5A63E3184417F600C1CD8E /* operatorMIDI.app */,
				6E5A6404184417F700C1CD8E /* operatorMIDITests.xctest */,
			);
			name = Products;
			sourceTree = "<group>";
		};
		6E5A63E5184417F600C1CD8E /* Frameworks */ = {
			isa = PBXGroup;
			children = (
				6EF69C7D189F2B1B00A88726 /* CoreMIDI.framework */,
				6E5A63E6184417F600C1CD8E /* Cocoa.framework */,
				6E5A6405184417F700C1CD8E /* XCTest.framework */,
				6E5A63E8184417F700C1CD8E /* Other Frameworks */,
			);
			name = Frameworks;
			sourceTree = "<group>";
		};
		6E5A63E8184417F700C1CD8E /* Other Frameworks */ = {
			isa = PBXGroup;
			children = (
				6E5A63E9184417F700C1CD8E /* AppKit.framework */,
				6E5A63EA184417F700C1CD8E /* CoreData.framework */,
				6E5A63EB184417F700C1CD8E /* Foundation.framework */,
			);
			name = "Other Frameworks";
			sourceTree = "<group>";
		};
		6EC3ADBB18B7118800B002EC /* modelControllers */ = {
			isa = PBXGroup;
			children = (
				6EC3ADBC18B7118800B002EC /* dataApp.h */,
				6EC3ADBD18B7118800B002EC /* dataApp.m */,
				6EC3ADBE18B7118800B002EC /* midiController.h */,
				6EC3ADBF18B7118800B002EC /* midiController.m */,
			);
			path = modelControllers;
			sourceTree = "<group>";
		};
		6EC3ADC018B7118800B002EC /* utilities */ = {
			isa = PBXGroup;
			children = (
				6EC3ADC118B7118800B002EC /* utilities.h */,
				6EC3ADC218B7118800B002EC /* utilities.m */,
			);
			path = utilities;
			sourceTree = "<group>";
		};
		6EF69C44189F27AF00A88726 /* operatorMIDI */ = {
			isa = PBXGroup;
			children = (
				6E8D3A9718A06525007D00CA /* constants.h */,
				6EF69C45189F27AF00A88726 /* AppDelegate.h */,
				6EF69C46189F27AF00A88726 /* AppDelegate.m */,
				6EF69C47189F27AF00A88726 /* MainMenu.xib */,
				6EF69C49189F27AF00A88726 /* controllers */,
				6EF69C4C189F27AF00A88726 /* Credits.rtf */,
				6EF69C4E189F27AF00A88726 /* InfoPlist.strings */,
				6EF69C50189F27AF00A88726 /* Images.xcassets */,
				6EF69C51189F27AF00A88726 /* main.m */,
				6EF69C55189F27AF00A88726 /* operatorMIDI-Info.plist */,
				6EF69C56189F27AF00A88726 /* operatorMIDI-Prefix.pch */,
				6E309FDB18DBF4160087EFBA /* views */,
				6EF69C57189F27AF00A88726 /* resources */,
			);
			path = operatorMIDI;
			sourceTree = "<group>";
		};
		6EF69C49189F27AF00A88726 /* controllers */ = {
			isa = PBXGroup;
			children = (
				6EC3ADBB18B7118800B002EC /* modelControllers */,
				6EC3ADC018B7118800B002EC /* utilities */,
				6EF69C4A189F27AF00A88726 /* eventHandler.h */,
				6EF69C4B189F27AF00A88726 /* eventHandler.m */,
			);
			path = controllers;
			sourceTree = "<group>";
		};
		6EF69C57189F27AF00A88726 /* resources */ = {
			isa = PBXGroup;
			children = (
				6EF69C58189F27AF00A88726 /* skin.json */,
				6EF69C59189F27AF00A88726 /* state.json */,
			);
			path = resources;
			sourceTree = "<group>";
		};
/* End PBXGroup section */

/* Begin PBXNativeTarget section */
		6E5A63E2184417F600C1CD8E /* operatorMIDI */ = {
			isa = PBXNativeTarget;
			buildConfigurationList = 6E5A6414184417F700C1CD8E /* Build configuration list for PBXNativeTarget "operatorMIDI" */;
			buildPhases = (
				6E5A63DF184417F600C1CD8E /* Sources */,
				6E5A63E0184417F600C1CD8E /* Frameworks */,
				6E5A63E1184417F600C1CD8E /* Resources */,
			);
			buildRules = (
			);
			dependencies = (
			);
			name = operatorMIDI;
			productName = GeckoMIDI;
			productReference = 6E5A63E3184417F600C1CD8E /* operatorMIDI.app */;
			productType = "com.apple.product-type.application";
		};
		6E5A6403184417F700C1CD8E /* operatorMIDITests */ = {
			isa = PBXNativeTarget;
			buildConfigurationList = 6E5A6417184417F700C1CD8E /* Build configuration list for PBXNativeTarget "operatorMIDITests" */;
			buildPhases = (
				6E5A6400184417F700C1CD8E /* Sources */,
				6E5A6401184417F700C1CD8E /* Frameworks */,
				6E5A6402184417F700C1CD8E /* Resources */,
			);
			buildRules = (
			);
			dependencies = (
				6E5A6409184417F700C1CD8E /* PBXTargetDependency */,
			);
			name = operatorMIDITests;
			productName = GeckoMIDITests;
			productReference = 6E5A6404184417F700C1CD8E /* operatorMIDITests.xctest */;
			productType = "com.apple.product-type.bundle.unit-test";
		};
/* End PBXNativeTarget section */

/* Begin PBXProject section */
		6E5A63DB184417F600C1CD8E /* Project object */ = {
			isa = PBXProject;
			attributes = {
				LastUpgradeCheck = 0500;
				ORGANIZATIONNAME = "Midnight City";
				TargetAttributes = {
					6E5A6403184417F700C1CD8E = {
						TestTargetID = 6E5A63E2184417F600C1CD8E;
					};
				};
			};
			buildConfigurationList = 6E5A63DE184417F600C1CD8E /* Build configuration list for PBXProject "operatorMIDI" */;
			compatibilityVersion = "Xcode 3.2";
			developmentRegion = English;
			hasScannedForEncodings = 0;
			knownRegions = (
				en,
				Base,
			);
			mainGroup = 6E5A63DA184417F600C1CD8E;
			productRefGroup = 6E5A63E4184417F600C1CD8E /* Products */;
			projectDirPath = "";
			projectRoot = "";
			targets = (
				6E5A63E2184417F600C1CD8E /* operatorMIDI */,
				6E5A6403184417F700C1CD8E /* operatorMIDITests */,
			);
		};
/* End PBXProject section */

/* Begin PBXResourcesBuildPhase section */
		6E5A63E1184417F600C1CD8E /* Resources */ = {
			isa = PBXResourcesBuildPhase;
			buildActionMask = 2147483647;
			files = (
				6EF69C75189F27AF00A88726 /* state.json in Resources */,
				6EF69C6C189F27AF00A88726 /* MainMenu.xib in Resources */,
				6EF69C70189F27AF00A88726 /* Images.xcassets in Resources */,
				6EF69C6F189F27AF00A88726 /* InfoPlist.strings in Resources */,
				6EF69C74189F27AF00A88726 /* skin.json in Resources */,
				6EF69C6E189F27AF00A88726 /* Credits.rtf in Resources */,
			);
			runOnlyForDeploymentPostprocessing = 0;
		};
		6E5A6402184417F700C1CD8E /* Resources */ = {
			isa = PBXResourcesBuildPhase;
			buildActionMask = 2147483647;
			files = (
			);
			runOnlyForDeploymentPostprocessing = 0;
		};
/* End PBXResourcesBuildPhase section */

/* Begin PBXSourcesBuildPhase section */
		6E5A63DF184417F600C1CD8E /* Sources */ = {
			isa = PBXSourcesBuildPhase;
			buildActionMask = 2147483647;
			files = (
				6EF69C6B189F27AF00A88726 /* AppDelegate.m in Sources */,
				6E309FF918DBF4160087EFBA /* controlBase.m in Sources */,
				6E309FFC18DBF4160087EFBA /* controlSlider.m in Sources */,
				6EF69C71189F27AF00A88726 /* main.m in Sources */,
				6EF69C6D189F27AF00A88726 /* eventHandler.m in Sources */,
				6E309FFF18DBF4160087EFBA /* controlTrigger.m in Sources */,
				6E30A00118DBF4160087EFBA /* modulePad.m in Sources */,
				6E30A00318DBF4160087EFBA /* moduleSlider.m in Sources */,
				6EC3ADC318B7118800B002EC /* dataApp.m in Sources */,
				6EC3ADC518B7118800B002EC /* utilities.m in Sources */,
				6E30A00018DBF4160087EFBA /* moduleBase.m in Sources */,
				6E309FFB18DBF4160087EFBA /* controlList.m in Sources */,
				6E30A00418DBF4160087EFBA /* uiApp.m in Sources */,
				6E309FFE18DBF4160087EFBA /* controlText.m in Sources */,
				6E30A00518DBF4160087EFBA /* viewApp.m in Sources */,
				6E30A00218DBF4160087EFBA /* moduleRack.m in Sources */,
				6EABAB0518DFAE020071DE40 /* uiLabel.m in Sources */,
				6EC3ADC418B7118800B002EC /* midiController.m in Sources */,
			);
			runOnlyForDeploymentPostprocessing = 0;
		};
		6E5A6400184417F700C1CD8E /* Sources */ = {
			isa = PBXSourcesBuildPhase;
			buildActionMask = 2147483647;
			files = (
			);
			runOnlyForDeploymentPostprocessing = 0;
		};
/* End PBXSourcesBuildPhase section */

/* Begin PBXTargetDependency section */
		6E5A6409184417F700C1CD8E /* PBXTargetDependency */ = {
			isa = PBXTargetDependency;
			target = 6E5A63E2184417F600C1CD8E /* operatorMIDI */;
			targetProxy = 6E5A6408184417F700C1CD8E /* PBXContainerItemProxy */;
		};
/* End PBXTargetDependency section */

/* Begin PBXVariantGroup section */
		6EF69C47189F27AF00A88726 /* MainMenu.xib */ = {
			isa = PBXVariantGroup;
			children = (
				6EF69C48189F27AF00A88726 /* Base */,
			);
			name = MainMenu.xib;
			sourceTree = "<group>";
		};
		6EF69C4C189F27AF00A88726 /* Credits.rtf */ = {
			isa = PBXVariantGroup;
			children = (
				6EF69C4D189F27AF00A88726 /* en */,
			);
			name = Credits.rtf;
			sourceTree = "<group>";
		};
		6EF69C4E189F27AF00A88726 /* InfoPlist.strings */ = {
			isa = PBXVariantGroup;
			children = (
				6EF69C4F189F27AF00A88726 /* en */,
			);
			name = InfoPlist.strings;
			sourceTree = "<group>";
		};
/* End PBXVariantGroup section */

/* Begin XCBuildConfiguration section */
		6E5A6412184417F700C1CD8E /* Debug */ = {
			isa = XCBuildConfiguration;
			buildSettings = {
				ALWAYS_SEARCH_USER_PATHS = NO;
				CLANG_CXX_LANGUAGE_STANDARD = "gnu++0x";
				CLANG_CXX_LIBRARY = "libc++";
				CLANG_ENABLE_OBJC_ARC = YES;
				CLANG_WARN_BOOL_CONVERSION = YES;
				CLANG_WARN_CONSTANT_CONVERSION = YES;
				CLANG_WARN_DIRECT_OBJC_ISA_USAGE = YES_ERROR;
				CLANG_WARN_EMPTY_BODY = YES;
				CLANG_WARN_ENUM_CONVERSION = YES;
				CLANG_WARN_INT_CONVERSION = YES;
				CLANG_WARN_OBJC_ROOT_CLASS = YES_ERROR;
				CLANG_WARN__DUPLICATE_METHOD_MATCH = YES;
				COPY_PHASE_STRIP = NO;
				GCC_C_LANGUAGE_STANDARD = gnu99;
				GCC_DYNAMIC_NO_PIC = NO;
				GCC_ENABLE_OBJC_EXCEPTIONS = YES;
				GCC_OPTIMIZATION_LEVEL = 0;
				GCC_PREPROCESSOR_DEFINITIONS = (
					"DEBUG=1",
					"$(inherited)",
				);
				GCC_SYMBOLS_PRIVATE_EXTERN = NO;
				GCC_WARN_64_TO_32_BIT_CONVERSION = YES;
				GCC_WARN_ABOUT_RETURN_TYPE = YES_ERROR;
				GCC_WARN_UNDECLARED_SELECTOR = YES;
				GCC_WARN_UNINITIALIZED_AUTOS = YES;
				GCC_WARN_UNUSED_FUNCTION = YES;
				GCC_WARN_UNUSED_VARIABLE = YES;
				MACOSX_DEPLOYMENT_TARGET = 10.8;
				ONLY_ACTIVE_ARCH = YES;
				SDKROOT = macosx;
			};
			name = Debug;
		};
		6E5A6413184417F700C1CD8E /* Release */ = {
			isa = XCBuildConfiguration;
			buildSettings = {
				ALWAYS_SEARCH_USER_PATHS = NO;
				CLANG_CXX_LANGUAGE_STANDARD = "gnu++0x";
				CLANG_CXX_LIBRARY = "libc++";
				CLANG_ENABLE_OBJC_ARC = YES;
				CLANG_WARN_BOOL_CONVERSION = YES;
				CLANG_WARN_CONSTANT_CONVERSION = YES;
				CLANG_WARN_DIRECT_OBJC_ISA_USAGE = YES_ERROR;
				CLANG_WARN_EMPTY_BODY = YES;
				CLANG_WARN_ENUM_CONVERSION = YES;
				CLANG_WARN_INT_CONVERSION = YES;
				CLANG_WARN_OBJC_ROOT_CLASS = YES_ERROR;
				CLANG_WARN__DUPLICATE_METHOD_MATCH = YES;
				COPY_PHASE_STRIP = YES;
				DEBUG_INFORMATION_FORMAT = "dwarf-with-dsym";
				ENABLE_NS_ASSERTIONS = NO;
				GCC_C_LANGUAGE_STANDARD = gnu99;
				GCC_ENABLE_OBJC_EXCEPTIONS = YES;
				GCC_WARN_64_TO_32_BIT_CONVERSION = YES;
				GCC_WARN_ABOUT_RETURN_TYPE = YES_ERROR;
				GCC_WARN_UNDECLARED_SELECTOR = YES;
				GCC_WARN_UNINITIALIZED_AUTOS = YES;
				GCC_WARN_UNUSED_FUNCTION = YES;
				GCC_WARN_UNUSED_VARIABLE = YES;
				MACOSX_DEPLOYMENT_TARGET = 10.8;
				SDKROOT = macosx;
			};
			name = Release;
		};
		6E5A6415184417F700C1CD8E /* Debug */ = {
			isa = XCBuildConfiguration;
			buildSettings = {
				ASSETCATALOG_COMPILER_APPICON_NAME = AppIcon;
				COMBINE_HIDPI_IMAGES = YES;
				GCC_PRECOMPILE_PREFIX_HEADER = YES;
				GCC_PREFIX_HEADER = "operatorMIDI/operatorMIDI-Prefix.pch";
				INFOPLIST_FILE = "$(SRCROOT)/operatorMIDI/operatorMIDI-Info.plist";
				PRODUCT_NAME = operatorMIDI;
				WRAPPER_EXTENSION = app;
			};
			name = Debug;
		};
		6E5A6416184417F700C1CD8E /* Release */ = {
			isa = XCBuildConfiguration;
			buildSettings = {
				ASSETCATALOG_COMPILER_APPICON_NAME = AppIcon;
				COMBINE_HIDPI_IMAGES = YES;
				GCC_PRECOMPILE_PREFIX_HEADER = YES;
				GCC_PREFIX_HEADER = "operatorMIDI/operatorMIDI-Prefix.pch";
				INFOPLIST_FILE = "$(SRCROOT)/operatorMIDI/operatorMIDI-Info.plist";
				PRODUCT_NAME = operatorMIDI;
				WRAPPER_EXTENSION = app;
			};
			name = Release;
		};
		6E5A6418184417F700C1CD8E /* Debug */ = {
			isa = XCBuildConfiguration;
			buildSettings = {
				BUNDLE_LOADER = "$(BUILT_PRODUCTS_DIR)/GeckoMIDI.app/Contents/MacOS/GeckoMIDI";
				COMBINE_HIDPI_IMAGES = YES;
				FRAMEWORK_SEARCH_PATHS = (
					"$(DEVELOPER_FRAMEWORKS_DIR)",
					"$(inherited)",
				);
				GCC_PRECOMPILE_PREFIX_HEADER = YES;
				GCC_PREFIX_HEADER = "GeckoMIDI/GeckoMIDI-Prefix.pch";
				GCC_PREPROCESSOR_DEFINITIONS = (
					"DEBUG=1",
					"$(inherited)",
				);
				INFOPLIST_FILE = "GeckoMIDITests/operatorMIDITests-Info.plist";
				PRODUCT_NAME = operatorMIDITests;
				TEST_HOST = "$(BUNDLE_LOADER)";
				WRAPPER_EXTENSION = xctest;
			};
			name = Debug;
		};
		6E5A6419184417F700C1CD8E /* Release */ = {
			isa = XCBuildConfiguration;
			buildSettings = {
				BUNDLE_LOADER = "$(BUILT_PRODUCTS_DIR)/GeckoMIDI.app/Contents/MacOS/GeckoMIDI";
				COMBINE_HIDPI_IMAGES = YES;
				FRAMEWORK_SEARCH_PATHS = (
					"$(DEVELOPER_FRAMEWORKS_DIR)",
					"$(inherited)",
				);
				GCC_PRECOMPILE_PREFIX_HEADER = YES;
				GCC_PREFIX_HEADER = "GeckoMIDI/GeckoMIDI-Prefix.pch";
				INFOPLIST_FILE = "GeckoMIDITests/operatorMIDITests-Info.plist";
				PRODUCT_NAME = operatorMIDITests;
				TEST_HOST = "$(BUNDLE_LOADER)";
				WRAPPER_EXTENSION = xctest;
			};
			name = Release;
		};
/* End XCBuildConfiguration section */

/* Begin XCConfigurationList section */
		6E5A63DE184417F600C1CD8E /* Build configuration list for PBXProject "operatorMIDI" */ = {
			isa = XCConfigurationList;
			buildConfigurations = (
				6E5A6412184417F700C1CD8E /* Debug */,
				6E5A6413184417F700C1CD8E /* Release */,
			);
			defaultConfigurationIsVisible = 0;
			defaultConfigurationName = Release;
		};
		6E5A6414184417F700C1CD8E /* Build configuration list for PBXNativeTarget "operatorMIDI" */ = {
			isa = XCConfigurationList;
			buildConfigurations = (
				6E5A6415184417F700C1CD8E /* Debug */,
				6E5A6416184417F700C1CD8E /* Release */,
			);
			defaultConfigurationIsVisible = 0;
			defaultConfigurationName = Release;
		};
		6E5A6417184417F700C1CD8E /* Build configuration list for PBXNativeTarget "operatorMIDITests" */ = {
			isa = XCConfigurationList;
			buildConfigurations = (
				6E5A6418184417F700C1CD8E /* Debug */,
				6E5A6419184417F700C1CD8E /* Release */,
			);
			defaultConfigurationIsVisible = 0;
			defaultConfigurationName = Release;
		};
/* End XCConfigurationList section */
	};
	rootObject = 6E5A63DB184417F600C1CD8E /* Project object */;
}
